
Microsoft Visual Studio Solution File, Format Version 12.00
# Visual Studio Version 17
VisualStudioVersion = 17.7.34024.191
MinimumVisualStudioVersion = 10.0.40219.1
Project("{FAE04EC0-301F-11D3-BF4B-00C04F79EFBC}") = "Pr03", "Pr03\Pr03.csproj", "{D6D17CDA-03EB-4A2C-AAF7-4CF69F65FCE9}"
EndProject
Global
	GlobalSection(SolutionConfigurationPlatforms) = preSolution
		Debug|Any CPU = Debug|Any CPU
		Release|Any CPU = Release|Any CPU
	EndGlobalSection
	GlobalSection(ProjectConfigurationPlatforms) = postSolution
		{D6D17CDA-03EB-4A2C-AAF7-4CF69F65FCE9}.Debug|Any CPU.ActiveCfg = Debug|Any CPU
		{D6D17CDA-03EB-4A2C-AAF7-4CF69F65FCE9}.Debug|Any CPU.Build.0 = Debug|Any CPU
		{D6D17CDA-03EB-4A2C-AAF7-4CF69F65FCE9}.Release|Any CPU.ActiveCfg = Release|Any CPU
		{D6D17CDA-03EB-4A2C-AAF7-4CF69F65FCE9}.Release|Any CPU.Build.0 = Release|Any CPU
	EndGlobalSection
	GlobalSection(SolutionProperties) = preSolution
		HideSolutionNode = FALSE
	EndGlobalSection
	GlobalSection(ExtensibilityGlobals) = postSolution
		SolutionGuid = {50E91265-750E-427D-8245-AAFA16CBE0F1}
	EndGlobalSection
EndGlobal
